
Microsoft Visual Studio Solution File, Format Version 12.00
# Visual Studio Version 17
VisualStudioVersion = 17.2.32630.192
MinimumVisualStudioVersion = 10.0.40219.1
Project("{FAE04EC0-301F-11D3-BF4B-00C04F79EFBC}") = "app1.Android", "app1\app1.Android\app1.Android.csproj", "{FF5C23C9-74F9-4614-8527-98C93085CA09}"
EndProject
Project("{9A19103F-16F7-4668-BE54-9A1E7A4F7556}") = "app1", "app1\app1\app1.csproj", "{1FCA8E1A-7F6B-4515-B398-640796CD3BC4}"
EndProject
Global
	GlobalSection(SolutionConfigurationPlatforms) = preSolution
		Debug|Any CPU = Debug|Any CPU
		Release|Any CPU = Release|Any CPU
	EndGlobalSection
	GlobalSection(ProjectConfigurationPlatforms) = postSolution
		{FF5C23C9-74F9-4614-8527-98C93085CA09}.Debug|Any CPU.ActiveCfg = Debug|Any CPU
		{FF5C23C9-74F9-4614-8527-98C93085CA09}.Debug|Any CPU.Build.0 = Debug|Any CPU
		{FF5C23C9-74F9-4614-8527-98C93085CA09}.Debug|Any CPU.Deploy.0 = Debug|Any CPU
		{FF5C23C9-74F9-4614-8527-98C93085CA09}.Release|Any CPU.ActiveCfg = Release|Any CPU
		{FF5C23C9-74F9-4614-8527-98C93085CA09}.Release|Any CPU.Build.0 = Release|Any CPU
		{FF5C23C9-74F9-4614-8527-98C93085CA09}.Release|Any CPU.Deploy.0 = Release|Any CPU
		{1FCA8E1A-7F6B-4515-B398-640796CD3BC4}.Debug|Any CPU.ActiveCfg = Debug|Any CPU
		{1FCA8E1A-7F6B-4515-B398-640796CD3BC4}.Debug|Any CPU.Build.0 = Debug|Any CPU
		{1FCA8E1A-7F6B-4515-B398-640796CD3BC4}.Debug|Any CPU.Deploy.0 = Debug|Any CPU
		{1FCA8E1A-7F6B-4515-B398-640796CD3BC4}.Release|Any CPU.ActiveCfg = Release|Any CPU
		{1FCA8E1A-7F6B-4515-B398-640796CD3BC4}.Release|Any CPU.Build.0 = Release|Any CPU
		{1FCA8E1A-7F6B-4515-B398-640796CD3BC4}.Release|Any CPU.Deploy.0 = Release|Any CPU
	EndGlobalSection
	GlobalSection(SolutionProperties) = preSolution
		HideSolutionNode = FALSE
	EndGlobalSection
	GlobalSection(ExtensibilityGlobals) = postSolution
		SolutionGuid = {FFFDE774-7632-456F-81D4-FD05CC2A87D4}
	EndGlobalSection
EndGlobal
